
Microsoft Visual Studio Solution File, Format Version 12.00
# Visual Studio Version 17
VisualStudioVersion = 17.13.35818.85 d17.13
MinimumVisualStudioVersion = 10.0.40219.1
Project("{FAE04EC0-301F-11D3-BF4B-00C04F79EFBC}") = "projeto_solitario", "projeto_solitario\projeto_solitario.csproj", "{39DDFFC4-AD40-4BEE-A77C-AD3AA3169113}"
EndProject
Global
	GlobalSection(SolutionConfigurationPlatforms) = preSolution
		Debug|Any CPU = Debug|Any CPU
		Release|Any CPU = Release|Any CPU
	EndGlobalSection
	GlobalSection(ProjectConfigurationPlatforms) = postSolution
		{39DDFFC4-AD40-4BEE-A77C-AD3AA3169113}.Debug|Any CPU.ActiveCfg = Debug|Any CPU
		{39DDFFC4-AD40-4BEE-A77C-AD3AA3169113}.Debug|Any CPU.Build.0 = Debug|Any CPU
		{39DDFFC4-AD40-4BEE-A77C-AD3AA3169113}.Release|Any CPU.ActiveCfg = Release|Any CPU
		{39DDFFC4-AD40-4BEE-A77C-AD3AA3169113}.Release|Any CPU.Build.0 = Release|Any CPU
	EndGlobalSection
	GlobalSection(SolutionProperties) = preSolution
		HideSolutionNode = FALSE
	EndGlobalSection
	GlobalSection(ExtensibilityGlobals) = postSolution
		SolutionGuid = {F0770B91-AF09-4082-AEFD-D0A6A7B6EE9C}
	EndGlobalSection
EndGlobal
